{
  "name": "cordova-plugin-x-socialsharing",
  "version": "6.0.3",
  "lockfileVersion": 2,
  "requires": true,
  "packages": {
    "": {
      "name": "cordova-plugin-x-socialsharing",
      "version": "6.0.3",
      "engines": [
        {
          "name": "cordova",
          "version": ">=3.0.0"
        }
      ],
      "license": "MIT"
    }
  }
}
